<?xml version="1.0" encoding="utf-8"?>
<Project ToolsVersion="4.0" xmlns="http://schemas.microsoft.com/developer/msbuild/2003">
  <ItemGroup>
    <Filter Include="Source Files">
      <UniqueIdentifier>{4FC737F1-C7A5-4376-A066-2A32D752A2FF}</UniqueIdentifier>
      <Extensions>cpp;c;cc;cxx;def;odl;idl;hpj;bat;asm;asmx</Extensions>
    </Filter>
    <Filter Include="Header Files">
      <UniqueIdentifier>{93995380-89BD-4b04-88EB-625FBE52EBFB}</UniqueIdentifier>
      <Extensions>h;hh;hpp;hxx;hm;inl;inc;xsd</Extensions>
    </Filter>
    <Filter Include="Resource Files">
      <UniqueIdentifier>{67DA6AB6-F800-4c08-8B7A-83BB121AAD01}</UniqueIdentifier>
      <Extensions>rc;ico;cur;bmp;dlg;rc2;rct;bin;rgs;gif;jpg;jpeg;jpe;resx;tiff;tif;png;wav</Extensions>
    </Filter>
  </ItemGroup>
  <ItemGroup>
    <ClCompile Include="src\hunalign\alignerTool.cpp">
      <Filter>Source Files</Filter>
    </ClCompile>
    <ClCompile Include="src\hunalign\alignment.cpp">
      <Filter>Source Files</Filter>
    </ClCompile>
    <ClCompile Include="src\hunalign\bloom.cpp">
      <Filter>Source Files</Filter>
    </ClCompile>
    <ClCompile Include="src\hunalign\bookToMatrix.cpp">
      <Filter>Source Files</Filter>
    </ClCompile>
    <ClCompile Include="src\hunalign\cooccurrence.cpp">
      <Filter>Source Files</Filter>
    </ClCompile>
    <ClCompile Include="src\hunalign\cooccurrenceTool.cpp">
      <Filter>Source Files</Filter>
    </ClCompile>
    <ClCompile Include="src\hunalign\dictionary.cpp">
      <Filter>Source Files</Filter>
    </ClCompile>
    <ClCompile Include="src\hunalign\main.cpp">
      <Filter>Source Files</Filter>
    </ClCompile>
    <ClCompile Include="src\hunalign\networkFlow.cpp">
      <Filter>Source Files</Filter>
    </ClCompile>
    <ClCompile Include="src\hunalign\oldAlignTest.cpp">
      <Filter>Source Files</Filter>
    </ClCompile>
    <ClCompile Include="src\hunalign\trailPostprocessors.cpp">
      <Filter>Source Files</Filter>
    </ClCompile>
    <ClCompile Include="src\hunalign\translate.cpp">
      <Filter>Source Files</Filter>
    </ClCompile>
    <ClCompile Include="src\hunalign\wordAlignment.cpp">
      <Filter>Source Files</Filter>
    </ClCompile>
    <ClCompile Include="src\utils\argumentsParser.cpp">
      <Filter>Source Files</Filter>
    </ClCompile>
    <ClCompile Include="src\utils\histogram.cpp">
      <Filter>Source Files</Filter>
    </ClCompile>
    <ClCompile Include="src\utils\stringsAndStreams.cpp">
      <Filter>Source Files</Filter>
    </ClCompile>
    <ClCompile Include="src\utils\timer.cpp">
      <Filter>Source Files</Filter>
    </ClCompile>
  </ItemGroup>
  <ItemGroup>
    <ClInclude Include="src\hunalign\alignment.h">
      <Filter>Header Files</Filter>
    </ClInclude>
    <ClInclude Include="src\hunalign\bloom.h">
      <Filter>Header Files</Filter>
    </ClInclude>
    <ClInclude Include="src\hunalign\bookToMatrix.h">
      <Filter>Header Files</Filter>
    </ClInclude>
    <ClInclude Include="src\hunalign\cooccurrence.h">
      <Filter>Header Files</Filter>
    </ClInclude>
    <ClInclude Include="src\hunalign\dictionary.h">
      <Filter>Header Files</Filter>
    </ClInclude>
    <ClInclude Include="src\hunalign\dicTree.h">
      <Filter>Header Files</Filter>
    </ClInclude>
    <ClInclude Include="src\hunalign\help.h">
      <Filter>Header Files</Filter>
    </ClInclude>
    <ClInclude Include="src\hunalign\networkFlow.h">
      <Filter>Header Files</Filter>
    </ClInclude>
    <ClInclude Include="src\hunalign\quasiDiagonal.h">
      <Filter>Header Files</Filter>
    </ClInclude>
    <ClInclude Include="src\hunalign\similarityEvaluator.h">
      <Filter>Header Files</Filter>
    </ClInclude>
    <ClInclude Include="src\hunalign\TEIReader.h">
      <Filter>Header Files</Filter>
    </ClInclude>
    <ClInclude Include="src\hunalign\trailPostprocessors.h">
      <Filter>Header Files</Filter>
    </ClInclude>
    <ClInclude Include="src\hunalign\translate.h">
      <Filter>Header Files</Filter>
    </ClInclude>
    <ClInclude Include="src\hunalign\wordAlignment.h">
      <Filter>Header Files</Filter>
    </ClInclude>
    <ClInclude Include="src\hunalign\words.h">
      <Filter>Header Files</Filter>
    </ClInclude>
  </ItemGroup>
</Project>